github.com/BurntSushi/toml v0.3.2-0.20210614224209-34d990aa228d/go.mod h1:2QZjSXA5e+XyFeCAxxtL8Z4StYUsTquL8ODGPR3C3MA=
github.com/BurntSushi/toml-test v0.1.1-0.20210619051135-67b199419f32 h1:h3GzZj1jBAKc2+lDW5UeN7LBSJLetljIUfjvWq+kpaA=
github.com/BurntSushi/toml-test v0.1.1-0.20210619051135-67b199419f32/go.mod h1:P/PrhmZ37t5llHfDuiouWXtFgqOoQ12SAh9j6EjrBR4=
zgo.at/zli v0.0.0-20210619044753-e7020a328e59/go.mod h1:HLAc12TjNGT+VRXr76JnsNE3pbooQtwKWhX+RlDjQ2Y=
